%{"ex_midilib": {:git, "git://github.com/knewter/ex_midilib.git", "bf5ab96f371921932b646f08cbfe3357f133075c", []},
  "extwitter": {:package, "0.1.5"},
  "jsex": {:package, "2.0.0"},
  "jsx": {:package, "2.1.1"},
  "oauth": {:git, "git://github.com/tim/erlang-oauth.git", "2ee206ea921722893200a0ad534c6b6130233325", []}}
